// !$*UTF8*$!
{
	archiveVersion = 1;
	classes = {
	};
	objectVersion = 46;
	objects = {

/* Begin PBXBuildFile section */
		79B57DE53E3A7AE80604A2D1 /* libPods-DownLoadDocument.a in Frameworks */ = {isa = PBXBuildFile; fileRef = B5A94651B711B887A91F2CC7 /* libPods-DownLoadDocument.a */; };
		FC67B6B51DB4A1FA0068518E /* AYAFSessionManager.m in Sources */ = {isa = PBXBuildFile; fileRef = FC67B6B41DB4A1FA0068518E /* AYAFSessionManager.m */; };
		FCA4BE9F1DAC8C2200A43420 /* main.m in Sources */ = {isa = PBXBuildFile; fileRef = FCA4BE9E1DAC8C2200A43420 /* main.m */; };
		FCA4BEA21DAC8C2200A43420 /* AppDelegate.m in Sources */ = {isa = PBXBuildFile; fileRef = FCA4BEA11DAC8C2200A43420 /* AppDelegate.m */; };
		FCA4BEA51DAC8C2200A43420 /* ViewController.m in Sources */ = {isa = PBXBuildFile; fileRef = FCA4BEA41DAC8C2200A43420 /* ViewController.m */; };
		FCA4BEA81DAC8C2200A43420 /* Main.storyboard in Resources */ = {isa = PBXBuildFile; fileRef = FCA4BEA61DAC8C2200A43420 /* Main.storyboard */; };
		FCA4BEAA1DAC8C2200A43420 /* Assets.xcassets in Resources */ = {isa = PBXBuildFile; fileRef = FCA4BEA91DAC8C2200A43420 /* Assets.xcassets */; };
		FCA4BEAD1DAC8C2200A43420 /* LaunchScreen.storyboard in Resources */ = {isa = PBXBuildFile; fileRef = FCA4BEAB1DAC8C2200A43420 /* LaunchScreen.storyboard */; };
		FCA4BEB81DAC8C2200A43420 /* DownLoadDocumentTests.m in Sources */ = {isa = PBXBuildFile; fileRef = FCA4BEB71DAC8C2200A43420 /* DownLoadDocumentTests.m */; };
		FCA4BEC31DAC8C2200A43420 /* DownLoadDocumentUITests.m in Sources */ = {isa = PBXBuildFile; fileRef = FCA4BEC21DAC8C2200A43420 /* DownLoadDocumentUITests.m */; };
		FCA4BED31DAC8F8E00A43420 /* KLDownLoad.m in Sources */ = {isa = PBXBuildFile; fileRef = FCA4BED21DAC8F8E00A43420 /* KLDownLoad.m */; };
		FCA4BED61DACD10C00A43420 /* NSString+LocalFile.m in Sources */ = {isa = PBXBuildFile; fileRef = FCA4BED51DACD10C00A43420 /* NSString+LocalFile.m */; };
		FCC9CAE01DADD3EC0042BDC5 /* KLDataBase.m in Sources */ = {isa = PBXBuildFile; fileRef = FCC9CADF1DADD3EC0042BDC5 /* KLDataBase.m */; };
		FCC9CAE31DADD6490042BDC5 /* KLAnalysisData.m in Sources */ = {isa = PBXBuildFile; fileRef = FCC9CAE21DADD6490042BDC5 /* KLAnalysisData.m */; };
		FCC9CAE61DAE05F10042BDC5 /* AYWebModel.m in Sources */ = {isa = PBXBuildFile; fileRef = FCC9CAE51DAE05F10042BDC5 /* AYWebModel.m */; };
		FCC9CAEC1DAE07E20042BDC5 /* AYFileModel.m in Sources */ = {isa = PBXBuildFile; fileRef = FCC9CAEB1DAE07E20042BDC5 /* AYFileModel.m */; };
		FCC9CAEF1DAE18270042BDC5 /* KLAF.m in Sources */ = {isa = PBXBuildFile; fileRef = FCC9CAEE1DAE18270042BDC5 /* KLAF.m */; };
		FCC9CAF31DAE18A20042BDC5 /* KLData.m in Sources */ = {isa = PBXBuildFile; fileRef = FCC9CAF21DAE18A20042BDC5 /* KLData.m */; };
		FCEA82291DAE1DFD0097C37F /* AYFileRootModel.m in Sources */ = {isa = PBXBuildFile; fileRef = FCEA82281DAE1DFD0097C37F /* AYFileRootModel.m */; };
		FCEA822C1DAE1FC20097C37F /* AYFileUpdateModel.m in Sources */ = {isa = PBXBuildFile; fileRef = FCEA822B1DAE1FC20097C37F /* AYFileUpdateModel.m */; };
		FCEA82361DAE3ECF0097C37F /* AYReplaceModel.m in Sources */ = {isa = PBXBuildFile; fileRef = FCEA82351DAE3ECF0097C37F /* AYReplaceModel.m */; };
		FCEA82391DAE41520097C37F /* AYReplaceOldNewModel.m in Sources */ = {isa = PBXBuildFile; fileRef = FCEA82381DAE41520097C37F /* AYReplaceOldNewModel.m */; };
/* End PBXBuildFile section */

/* Begin PBXContainerItemProxy section */
		FCA4BEB41DAC8C2200A43420 /* PBXContainerItemProxy */ = {
			isa = PBXContainerItemProxy;
			containerPortal = FCA4BE921DAC8C2200A43420 /* Project object */;
			proxyType = 1;
			remoteGlobalIDString = FCA4BE991DAC8C2200A43420;
			remoteInfo = DownLoadDocument;
		};
		FCA4BEBF1DAC8C2200A43420 /* PBXContainerItemProxy */ = {
			isa = PBXContainerItemProxy;
			containerPortal = FCA4BE921DAC8C2200A43420 /* Project object */;
			proxyType = 1;
			remoteGlobalIDString = FCA4BE991DAC8C2200A43420;
			remoteInfo = DownLoadDocument;
		};
/* End PBXContainerItemProxy section */

/* Begin PBXFileReference section */
		1D2670CF5188D3EF7AF497D1 /* Pods-DownLoadDocument.debug.xcconfig */ = {isa = PBXFileReference; includeInIndex = 1; lastKnownFileType = text.xcconfig; name = "Pods-DownLoadDocument.debug.xcconfig"; path = "Pods/Target Support Files/Pods-DownLoadDocument/Pods-DownLoadDocument.debug.xcconfig"; sourceTree = "<group>"; };
		B5A94651B711B887A91F2CC7 /* libPods-DownLoadDocument.a */ = {isa = PBXFileReference; explicitFileType = archive.ar; includeInIndex = 0; path = "libPods-DownLoadDocument.a"; sourceTree = BUILT_PRODUCTS_DIR; };
		EC8EC106F0C09CD4CC14F082 /* Pods-DownLoadDocument.release.xcconfig */ = {isa = PBXFileReference; includeInIndex = 1; lastKnownFileType = text.xcconfig; name = "Pods-DownLoadDocument.release.xcconfig"; path = "Pods/Target Support Files/Pods-DownLoadDocument/Pods-DownLoadDocument.release.xcconfig"; sourceTree = "<group>"; };
		FC67B6B31DB4A1FA0068518E /* AYAFSessionManager.h */ = {isa = PBXFileReference; fileEncoding = 4; lastKnownFileType = sourcecode.c.h; path = AYAFSessionManager.h; sourceTree = "<group>"; };
		FC67B6B41DB4A1FA0068518E /* AYAFSessionManager.m */ = {isa = PBXFileReference; fileEncoding = 4; lastKnownFileType = sourcecode.c.objc; path = AYAFSessionManager.m; sourceTree = "<group>"; };
		FCA4BE9A1DAC8C2200A43420 /* DownLoadDocument.app */ = {isa = PBXFileReference; explicitFileType = wrapper.application; includeInIndex = 0; path = DownLoadDocument.app; sourceTree = BUILT_PRODUCTS_DIR; };
		FCA4BE9E1DAC8C2200A43420 /* main.m */ = {isa = PBXFileReference; lastKnownFileType = sourcecode.c.objc; path = main.m; sourceTree = "<group>"; };
		FCA4BEA01DAC8C2200A43420 /* AppDelegate.h */ = {isa = PBXFileReference; lastKnownFileType = sourcecode.c.h; path = AppDelegate.h; sourceTree = "<group>"; };
		FCA4BEA11DAC8C2200A43420 /* AppDelegate.m */ = {isa = PBXFileReference; lastKnownFileType = sourcecode.c.objc; path = AppDelegate.m; sourceTree = "<group>"; };
		FCA4BEA31DAC8C2200A43420 /* ViewController.h */ = {isa = PBXFileReference; lastKnownFileType = sourcecode.c.h; path = ViewController.h; sourceTree = "<group>"; };
		FCA4BEA41DAC8C2200A43420 /* ViewController.m */ = {isa = PBXFileReference; lastKnownFileType = sourcecode.c.objc; path = ViewController.m; sourceTree = "<group>"; };
		FCA4BEA71DAC8C2200A43420 /* Base */ = {isa = PBXFileReference; lastKnownFileType = file.storyboard; name = Base; path = Base.lproj/Main.storyboard; sourceTree = "<group>"; };
		FCA4BEA91DAC8C2200A43420 /* Assets.xcassets */ = {isa = PBXFileReference; lastKnownFileType = folder.assetcatalog; path = Assets.xcassets; sourceTree = "<group>"; };
		FCA4BEAC1DAC8C2200A43420 /* Base */ = {isa = PBXFileReference; lastKnownFileType = file.storyboard; name = Base; path = Base.lproj/LaunchScreen.storyboard; sourceTree = "<group>"; };
		FCA4BEAE1DAC8C2200A43420 /* Info.plist */ = {isa = PBXFileReference; lastKnownFileType = text.plist.xml; path = Info.plist; sourceTree = "<group>"; };
		FCA4BEB31DAC8C2200A43420 /* DownLoadDocumentTests.xctest */ = {isa = PBXFileReference; explicitFileType = wrapper.cfbundle; includeInIndex = 0; path = DownLoadDocumentTests.xctest; sourceTree = BUILT_PRODUCTS_DIR; };
		FCA4BEB71DAC8C2200A43420 /* DownLoadDocumentTests.m */ = {isa = PBXFileReference; lastKnownFileType = sourcecode.c.objc; path = DownLoadDocumentTests.m; sourceTree = "<group>"; };
		FCA4BEB91DAC8C2200A43420 /* Info.plist */ = {isa = PBXFileReference; lastKnownFileType = text.plist.xml; path = Info.plist; sourceTree = "<group>"; };
		FCA4BEBE1DAC8C2200A43420 /* DownLoadDocumentUITests.xctest */ = {isa = PBXFileReference; explicitFileType = wrapper.cfbundle; includeInIndex = 0; path = DownLoadDocumentUITests.xctest; sourceTree = BUILT_PRODUCTS_DIR; };
		FCA4BEC21DAC8C2200A43420 /* DownLoadDocumentUITests.m */ = {isa = PBXFileReference; lastKnownFileType = sourcecode.c.objc; path = DownLoadDocumentUITests.m; sourceTree = "<group>"; };
		FCA4BEC41DAC8C2200A43420 /* Info.plist */ = {isa = PBXFileReference; lastKnownFileType = text.plist.xml; path = Info.plist; sourceTree = "<group>"; };
		FCA4BED11DAC8F8E00A43420 /* KLDownLoad.h */ = {isa = PBXFileReference; fileEncoding = 4; lastKnownFileType = sourcecode.c.h; path = KLDownLoad.h; sourceTree = "<group>"; };
		FCA4BED21DAC8F8E00A43420 /* KLDownLoad.m */ = {isa = PBXFileReference; fileEncoding = 4; lastKnownFileType = sourcecode.c.objc; path = KLDownLoad.m; sourceTree = "<group>"; };
		FCA4BED41DACD10C00A43420 /* NSString+LocalFile.h */ = {isa = PBXFileReference; fileEncoding = 4; lastKnownFileType = sourcecode.c.h; path = "NSString+LocalFile.h"; sourceTree = "<group>"; };
		FCA4BED51DACD10C00A43420 /* NSString+LocalFile.m */ = {isa = PBXFileReference; fileEncoding = 4; lastKnownFileType = sourcecode.c.objc; path = "NSString+LocalFile.m"; sourceTree = "<group>"; };
		FCA4BED71DACD17C00A43420 /* config.pch */ = {isa = PBXFileReference; fileEncoding = 4; lastKnownFileType = sourcecode.c.h; path = config.pch; sourceTree = "<group>"; };
		FCC9CADE1DADD3EC0042BDC5 /* KLDataBase.h */ = {isa = PBXFileReference; fileEncoding = 4; lastKnownFileType = sourcecode.c.h; path = KLDataBase.h; sourceTree = "<group>"; };
		FCC9CADF1DADD3EC0042BDC5 /* KLDataBase.m */ = {isa = PBXFileReference; fileEncoding = 4; lastKnownFileType = sourcecode.c.objc; path = KLDataBase.m; sourceTree = "<group>"; };
		FCC9CAE11DADD6490042BDC5 /* KLAnalysisData.h */ = {isa = PBXFileReference; fileEncoding = 4; lastKnownFileType = sourcecode.c.h; path = KLAnalysisData.h; sourceTree = "<group>"; };
		FCC9CAE21DADD6490042BDC5 /* KLAnalysisData.m */ = {isa = PBXFileReference; fileEncoding = 4; lastKnownFileType = sourcecode.c.objc; path = KLAnalysisData.m; sourceTree = "<group>"; };
		FCC9CAE41DAE05F10042BDC5 /* AYWebModel.h */ = {isa = PBXFileReference; fileEncoding = 4; lastKnownFileType = sourcecode.c.h; path = AYWebModel.h; sourceTree = "<group>"; };
		FCC9CAE51DAE05F10042BDC5 /* AYWebModel.m */ = {isa = PBXFileReference; fileEncoding = 4; lastKnownFileType = sourcecode.c.objc; path = AYWebModel.m; sourceTree = "<group>"; };
		FCC9CAEA1DAE07E20042BDC5 /* AYFileModel.h */ = {isa = PBXFileReference; fileEncoding = 4; lastKnownFileType = sourcecode.c.h; path = AYFileModel.h; sourceTree = "<group>"; };
		FCC9CAEB1DAE07E20042BDC5 /* AYFileModel.m */ = {isa = PBXFileReference; fileEncoding = 4; lastKnownFileType = sourcecode.c.objc; path = AYFileModel.m; sourceTree = "<group>"; };
		FCC9CAED1DAE18270042BDC5 /* KLAF.h */ = {isa = PBXFileReference; fileEncoding = 4; lastKnownFileType = sourcecode.c.h; name = KLAF.h; path = ../KLAF.h; sourceTree = "<group>"; };
		FCC9CAEE1DAE18270042BDC5 /* KLAF.m */ = {isa = PBXFileReference; fileEncoding = 4; lastKnownFileType = sourcecode.c.objc; name = KLAF.m; path = ../KLAF.m; sourceTree = "<group>"; };
		FCC9CAF11DAE18A20042BDC5 /* KLData.h */ = {isa = PBXFileReference; fileEncoding = 4; lastKnownFileType = sourcecode.c.h; path = KLData.h; sourceTree = "<group>"; };
		FCC9CAF21DAE18A20042BDC5 /* KLData.m */ = {isa = PBXFileReference; fileEncoding = 4; lastKnownFileType = sourcecode.c.objc; path = KLData.m; sourceTree = "<group>"; };
		FCEA82271DAE1DFD0097C37F /* AYFileRootModel.h */ = {isa = PBXFileReference; fileEncoding = 4; lastKnownFileType = sourcecode.c.h; path = AYFileRootModel.h; sourceTree = "<group>"; };
		FCEA82281DAE1DFD0097C37F /* AYFileRootModel.m */ = {isa = PBXFileReference; fileEncoding = 4; lastKnownFileType = sourcecode.c.objc; path = AYFileRootModel.m; sourceTree = "<group>"; };
		FCEA822A1DAE1FC20097C37F /* AYFileUpdateModel.h */ = {isa = PBXFileReference; fileEncoding = 4; lastKnownFileType = sourcecode.c.h; path = AYFileUpdateModel.h; sourceTree = "<group>"; };
		FCEA822B1DAE1FC20097C37F /* AYFileUpdateModel.m */ = {isa = PBXFileReference; fileEncoding = 4; lastKnownFileType = sourcecode.c.objc; path = AYFileUpdateModel.m; sourceTree = "<group>"; };
		FCEA82341DAE3ECF0097C37F /* AYReplaceModel.h */ = {isa = PBXFileReference; fileEncoding = 4; lastKnownFileType = sourcecode.c.h; path = AYReplaceModel.h; sourceTree = "<group>"; };
		FCEA82351DAE3ECF0097C37F /* AYReplaceModel.m */ = {isa = PBXFileReference; fileEncoding = 4; lastKnownFileType = sourcecode.c.objc; path = AYReplaceModel.m; sourceTree = "<group>"; };
		FCEA82371DAE41520097C37F /* AYReplaceOldNewModel.h */ = {isa = PBXFileReference; fileEncoding = 4; lastKnownFileType = sourcecode.c.h; path = AYReplaceOldNewModel.h; sourceTree = "<group>"; };
		FCEA82381DAE41520097C37F /* AYReplaceOldNewModel.m */ = {isa = PBXFileReference; fileEncoding = 4; lastKnownFileType = sourcecode.c.objc; path = AYReplaceOldNewModel.m; sourceTree = "<group>"; };
/* End PBXFileReference section */

/* Begin PBXFrameworksBuildPhase section */
		FCA4BE971DAC8C2200A43420 /* Frameworks */ = {
			isa = PBXFrameworksBuildPhase;
			buildActionMask = 2147483647;
			files = (
				79B57DE53E3A7AE80604A2D1 /* libPods-DownLoadDocument.a in Frameworks */,
			);
			runOnlyForDeploymentPostprocessing = 0;
		};
		FCA4BEB01DAC8C2200A43420 /* Frameworks */ = {
			isa = PBXFrameworksBuildPhase;
			buildActionMask = 2147483647;
			files = (
			);
			runOnlyForDeploymentPostprocessing = 0;
		};
		FCA4BEBB1DAC8C2200A43420 /* Frameworks */ = {
			isa = PBXFrameworksBuildPhase;
			buildActionMask = 2147483647;
			files = (
			);
			runOnlyForDeploymentPostprocessing = 0;
		};
/* End PBXFrameworksBuildPhase section */

/* Begin PBXGroup section */
		1061D5A1EE32542A316B38F0 /* Pods */ = {
			isa = PBXGroup;
			children = (
				1D2670CF5188D3EF7AF497D1 /* Pods-DownLoadDocument.debug.xcconfig */,
				EC8EC106F0C09CD4CC14F082 /* Pods-DownLoadDocument.release.xcconfig */,
			);
			name = Pods;
			sourceTree = "<group>";
		};
		FAEA7488C56A444C8A0C71C3 /* Frameworks */ = {
			isa = PBXGroup;
			children = (
				B5A94651B711B887A91F2CC7 /* libPods-DownLoadDocument.a */,
			);
			name = Frameworks;
			sourceTree = "<group>";
		};
		FCA4BE911DAC8C2200A43420 = {
			isa = PBXGroup;
			children = (
				FCA4BE9C1DAC8C2200A43420 /* DownLoadDocument */,
				FCA4BEB61DAC8C2200A43420 /* DownLoadDocumentTests */,
				FCA4BEC11DAC8C2200A43420 /* DownLoadDocumentUITests */,
				FCA4BE9B1DAC8C2200A43420 /* Products */,
				1061D5A1EE32542A316B38F0 /* Pods */,
				FAEA7488C56A444C8A0C71C3 /* Frameworks */,
			);
			sourceTree = "<group>";
		};
		FCA4BE9B1DAC8C2200A43420 /* Products */ = {
			isa = PBXGroup;
			children = (
				FCA4BE9A1DAC8C2200A43420 /* DownLoadDocument.app */,
				FCA4BEB31DAC8C2200A43420 /* DownLoadDocumentTests.xctest */,
				FCA4BEBE1DAC8C2200A43420 /* DownLoadDocumentUITests.xctest */,
			);
			name = Products;
			sourceTree = "<group>";
		};
		FCA4BE9C1DAC8C2200A43420 /* DownLoadDocument */ = {
			isa = PBXGroup;
			children = (
				FCA4BEA01DAC8C2200A43420 /* AppDelegate.h */,
				FCA4BEA11DAC8C2200A43420 /* AppDelegate.m */,
				FCA4BED71DACD17C00A43420 /* config.pch */,
				FCA4BED01DAC8C9A00A43420 /* DownLoad */,
				FCA4BEA31DAC8C2200A43420 /* ViewController.h */,
				FCA4BEA41DAC8C2200A43420 /* ViewController.m */,
				FCA4BEA61DAC8C2200A43420 /* Main.storyboard */,
				FCA4BEA91DAC8C2200A43420 /* Assets.xcassets */,
				FCA4BEAB1DAC8C2200A43420 /* LaunchScreen.storyboard */,
				FCA4BEAE1DAC8C2200A43420 /* Info.plist */,
				FCA4BE9D1DAC8C2200A43420 /* Supporting Files */,
			);
			path = DownLoadDocument;
			sourceTree = "<group>";
		};
		FCA4BE9D1DAC8C2200A43420 /* Supporting Files */ = {
			isa = PBXGroup;
			children = (
				FCA4BE9E1DAC8C2200A43420 /* main.m */,
			);
			name = "Supporting Files";
			sourceTree = "<group>";
		};
		FCA4BEB61DAC8C2200A43420 /* DownLoadDocumentTests */ = {
			isa = PBXGroup;
			children = (
				FCA4BEB71DAC8C2200A43420 /* DownLoadDocumentTests.m */,
				FCA4BEB91DAC8C2200A43420 /* Info.plist */,
			);
			path = DownLoadDocumentTests;
			sourceTree = "<group>";
		};
		FCA4BEC11DAC8C2200A43420 /* DownLoadDocumentUITests */ = {
			isa = PBXGroup;
			children = (
				FCA4BEC21DAC8C2200A43420 /* DownLoadDocumentUITests.m */,
				FCA4BEC41DAC8C2200A43420 /* Info.plist */,
			);
			path = DownLoadDocumentUITests;
			sourceTree = "<group>";
		};
		FCA4BED01DAC8C9A00A43420 /* DownLoad */ = {
			isa = PBXGroup;
			children = (
				FCC9CAED1DAE18270042BDC5 /* KLAF.h */,
				FCC9CAEE1DAE18270042BDC5 /* KLAF.m */,
				FCC9CAF01DAE18A20042BDC5 /* KLData */,
				FCC9CAE41DAE05F10042BDC5 /* AYWebModel.h */,
				FCC9CAE51DAE05F10042BDC5 /* AYWebModel.m */,
				FCEA822D1DAE24DB0097C37F /* First */,
				FCEA822E1DAE24EA0097C37F /* Second */,
				FCEA822F1DAE24F30097C37F /* Third */,
				FCEA82331DAE3E500097C37F /* Replace */,
				FCA4BED11DAC8F8E00A43420 /* KLDownLoad.h */,
				FCA4BED21DAC8F8E00A43420 /* KLDownLoad.m */,
				FC67B6B31DB4A1FA0068518E /* AYAFSessionManager.h */,
				FC67B6B41DB4A1FA0068518E /* AYAFSessionManager.m */,
				FCC9CAE11DADD6490042BDC5 /* KLAnalysisData.h */,
				FCC9CAE21DADD6490042BDC5 /* KLAnalysisData.m */,
				FCC9CADE1DADD3EC0042BDC5 /* KLDataBase.h */,
				FCC9CADF1DADD3EC0042BDC5 /* KLDataBase.m */,
				FCA4BED41DACD10C00A43420 /* NSString+LocalFile.h */,
				FCA4BED51DACD10C00A43420 /* NSString+LocalFile.m */,
			);
			path = DownLoad;
			sourceTree = "<group>";
		};
		FCC9CAF01DAE18A20042BDC5 /* KLData */ = {
			isa = PBXGroup;
			children = (
				FCC9CAF11DAE18A20042BDC5 /* KLData.h */,
				FCC9CAF21DAE18A20042BDC5 /* KLData.m */,
			);
			path = KLData;
			sourceTree = "<group>";
		};
		FCEA822D1DAE24DB0097C37F /* First */ = {
			isa = PBXGroup;
			children = (
				FCEA82271DAE1DFD0097C37F /* AYFileRootModel.h */,
				FCEA82281DAE1DFD0097C37F /* AYFileRootModel.m */,
			);
			name = First;
			sourceTree = "<group>";
		};
		FCEA822E1DAE24EA0097C37F /* Second */ = {
			isa = PBXGroup;
			children = (
				FCEA822A1DAE1FC20097C37F /* AYFileUpdateModel.h */,
				FCEA822B1DAE1FC20097C37F /* AYFileUpdateModel.m */,
			);
			name = Second;
			sourceTree = "<group>";
		};
		FCEA822F1DAE24F30097C37F /* Third */ = {
			isa = PBXGroup;
			children = (
				FCC9CAEA1DAE07E20042BDC5 /* AYFileModel.h */,
				FCC9CAEB1DAE07E20042BDC5 /* AYFileModel.m */,
			);
			name = Third;
			sourceTree = "<group>";
		};
		FCEA82331DAE3E500097C37F /* Replace */ = {
			isa = PBXGroup;
			children = (
				FCEA82341DAE3ECF0097C37F /* AYReplaceModel.h */,
				FCEA82351DAE3ECF0097C37F /* AYReplaceModel.m */,
				FCEA82371DAE41520097C37F /* AYReplaceOldNewModel.h */,
				FCEA82381DAE41520097C37F /* AYReplaceOldNewModel.m */,
			);
			name = Replace;
			sourceTree = "<group>";
		};
/* End PBXGroup section */

/* Begin PBXNativeTarget section */
		FCA4BE991DAC8C2200A43420 /* DownLoadDocument */ = {
			isa = PBXNativeTarget;
			buildConfigurationList = FCA4BEC71DAC8C2200A43420 /* Build configuration list for PBXNativeTarget "DownLoadDocument" */;
			buildPhases = (
				950F4AFF7ED3D99E9E4F4DC5 /* [CP] Check Pods Manifest.lock */,
				FCA4BE961DAC8C2200A43420 /* Sources */,
				FCA4BE971DAC8C2200A43420 /* Frameworks */,
				FCA4BE981DAC8C2200A43420 /* Resources */,
				6F475D448D17AABAEE03EC17 /* [CP] Embed Pods Frameworks */,
				753B8F837E53E28B51D0A73B /* [CP] Copy Pods Resources */,
			);
			buildRules = (
			);
			dependencies = (
			);
			name = DownLoadDocument;
			productName = DownLoadDocument;
			productReference = FCA4BE9A1DAC8C2200A43420 /* DownLoadDocument.app */;
			productType = "com.apple.product-type.application";
		};
		FCA4BEB21DAC8C2200A43420 /* DownLoadDocumentTests */ = {
			isa = PBXNativeTarget;
			buildConfigurationList = FCA4BECA1DAC8C2200A43420 /* Build configuration list for PBXNativeTarget "DownLoadDocumentTests" */;
			buildPhases = (
				FCA4BEAF1DAC8C2200A43420 /* Sources */,
				FCA4BEB01DAC8C2200A43420 /* Frameworks */,
				FCA4BEB11DAC8C2200A43420 /* Resources */,
			);
			buildRules = (
			);
			dependencies = (
				FCA4BEB51DAC8C2200A43420 /* PBXTargetDependency */,
			);
			name = DownLoadDocumentTests;
			productName = DownLoadDocumentTests;
			productReference = FCA4BEB31DAC8C2200A43420 /* DownLoadDocumentTests.xctest */;
			productType = "com.apple.product-type.bundle.unit-test";
		};
		FCA4BEBD1DAC8C2200A43420 /* DownLoadDocumentUITests */ = {
			isa = PBXNativeTarget;
			buildConfigurationList = FCA4BECD1DAC8C2200A43420 /* Build configuration list for PBXNativeTarget "DownLoadDocumentUITests" */;
			buildPhases = (
				FCA4BEBA1DAC8C2200A43420 /* Sources */,
				FCA4BEBB1DAC8C2200A43420 /* Frameworks */,
				FCA4BEBC1DAC8C2200A43420 /* Resources */,
			);
			buildRules = (
			);
			dependencies = (
				FCA4BEC01DAC8C2200A43420 /* PBXTargetDependency */,
			);
			name = DownLoadDocumentUITests;
			productName = DownLoadDocumentUITests;
			productReference = FCA4BEBE1DAC8C2200A43420 /* DownLoadDocumentUITests.xctest */;
			productType = "com.apple.product-type.bundle.ui-testing";
		};
/* End PBXNativeTarget section */

/* Begin PBXProject section */
		FCA4BE921DAC8C2200A43420 /* Project object */ = {
			isa = PBXProject;
			attributes = {
				LastUpgradeCheck = 0800;
				ORGANIZATIONNAME = konglee;
				TargetAttributes = {
					FCA4BE991DAC8C2200A43420 = {
						CreatedOnToolsVersion = 8.0;
						DevelopmentTeam = 628LRYYF8F;
						ProvisioningStyle = Automatic;
					};
					FCA4BEB21DAC8C2200A43420 = {
						CreatedOnToolsVersion = 8.0;
						DevelopmentTeam = 628LRYYF8F;
						ProvisioningStyle = Automatic;
						TestTargetID = FCA4BE991DAC8C2200A43420;
					};
					FCA4BEBD1DAC8C2200A43420 = {
						CreatedOnToolsVersion = 8.0;
						DevelopmentTeam = 628LRYYF8F;
						ProvisioningStyle = Automatic;
						TestTargetID = FCA4BE991DAC8C2200A43420;
					};
				};
			};
			buildConfigurationList = FCA4BE951DAC8C2200A43420 /* Build configuration list for PBXProject "DownLoadDocument" */;
			compatibilityVersion = "Xcode 3.2";
			developmentRegion = English;
			hasScannedForEncodings = 0;
			knownRegions = (
				en,
				Base,
			);
			mainGroup = FCA4BE911DAC8C2200A43420;
			productRefGroup = FCA4BE9B1DAC8C2200A43420 /* Products */;
			projectDirPath = "";
			projectRoot = "";
			targets = (
				FCA4BE991DAC8C2200A43420 /* DownLoadDocument */,
				FCA4BEB21DAC8C2200A43420 /* DownLoadDocumentTests */,
				FCA4BEBD1DAC8C2200A43420 /* DownLoadDocumentUITests */,
			);
		};
/* End PBXProject section */

/* Begin PBXResourcesBuildPhase section */
		FCA4BE981DAC8C2200A43420 /* Resources */ = {
			isa = PBXResourcesBuildPhase;
			buildActionMask = 2147483647;
			files = (
				FCA4BEAD1DAC8C2200A43420 /* LaunchScreen.storyboard in Resources */,
				FCA4BEAA1DAC8C2200A43420 /* Assets.xcassets in Resources */,
				FCA4BEA81DAC8C2200A43420 /* Main.storyboard in Resources */,
			);
			runOnlyForDeploymentPostprocessing = 0;
		};
		FCA4BEB11DAC8C2200A43420 /* Resources */ = {
			isa = PBXResourcesBuildPhase;
			buildActionMask = 2147483647;
			files = (
			);
			runOnlyForDeploymentPostprocessing = 0;
		};
		FCA4BEBC1DAC8C2200A43420 /* Resources */ = {
			isa = PBXResourcesBuildPhase;
			buildActionMask = 2147483647;
			files = (
			);
			runOnlyForDeploymentPostprocessing = 0;
		};
/* End PBXResourcesBuildPhase section */

/* Begin PBXShellScriptBuildPhase section */
		6F475D448D17AABAEE03EC17 /* [CP] Embed Pods Frameworks */ = {
			isa = PBXShellScriptBuildPhase;
			buildActionMask = 2147483647;
			files = (
			);
			inputPaths = (
			);
			name = "[CP] Embed Pods Frameworks";
			outputPaths = (
			);
			runOnlyForDeploymentPostprocessing = 0;
			shellPath = /bin/sh;
			shellScript = "\"${SRCROOT}/Pods/Target Support Files/Pods-DownLoadDocument/Pods-DownLoadDocument-frameworks.sh\"\n";
			showEnvVarsInLog = 0;
		};
		753B8F837E53E28B51D0A73B /* [CP] Copy Pods Resources */ = {
			isa = PBXShellScriptBuildPhase;
			buildActionMask = 2147483647;
			files = (
			);
			inputPaths = (
			);
			name = "[CP] Copy Pods Resources";
			outputPaths = (
			);
			runOnlyForDeploymentPostprocessing = 0;
			shellPath = /bin/sh;
			shellScript = "\"${SRCROOT}/Pods/Target Support Files/Pods-DownLoadDocument/Pods-DownLoadDocument-resources.sh\"\n";
			showEnvVarsInLog = 0;
		};
		950F4AFF7ED3D99E9E4F4DC5 /* [CP] Check Pods Manifest.lock */ = {
			isa = PBXShellScriptBuildPhase;
			buildActionMask = 2147483647;
			files = (
			);
			inputPaths = (
			);
			name = "[CP] Check Pods Manifest.lock";
			outputPaths = (
			);
			runOnlyForDeploymentPostprocessing = 0;
			shellPath = /bin/sh;
			shellScript = "diff \"${PODS_ROOT}/../Podfile.lock\" \"${PODS_ROOT}/Manifest.lock\" > /dev/null\nif [[ $? != 0 ]] ; then\n    cat << EOM\nerror: The sandbox is not in sync with the Podfile.lock. Run 'pod install' or update your CocoaPods installation.\nEOM\n    exit 1\nfi\n";
			showEnvVarsInLog = 0;
		};
/* End PBXShellScriptBuildPhase section */

/* Begin PBXSourcesBuildPhase section */
		FCA4BE961DAC8C2200A43420 /* Sources */ = {
			isa = PBXSourcesBuildPhase;
			buildActionMask = 2147483647;
			files = (
				FCEA82361DAE3ECF0097C37F /* AYReplaceModel.m in Sources */,
				FCC9CAE61DAE05F10042BDC5 /* AYWebModel.m in Sources */,
				FCA4BEA51DAC8C2200A43420 /* ViewController.m in Sources */,
				FCC9CAF31DAE18A20042BDC5 /* KLData.m in Sources */,
				FCA4BEA21DAC8C2200A43420 /* AppDelegate.m in Sources */,
				FCEA82391DAE41520097C37F /* AYReplaceOldNewModel.m in Sources */,
				FCA4BED31DAC8F8E00A43420 /* KLDownLoad.m in Sources */,
				FCC9CAE01DADD3EC0042BDC5 /* KLDataBase.m in Sources */,
				FCC9CAEF1DAE18270042BDC5 /* KLAF.m in Sources */,
				FCEA82291DAE1DFD0097C37F /* AYFileRootModel.m in Sources */,
				FCEA822C1DAE1FC20097C37F /* AYFileUpdateModel.m in Sources */,
				FCC9CAE31DADD6490042BDC5 /* KLAnalysisData.m in Sources */,
				FCA4BE9F1DAC8C2200A43420 /* main.m in Sources */,
				FCA4BED61DACD10C00A43420 /* NSString+LocalFile.m in Sources */,
				FCC9CAEC1DAE07E20042BDC5 /* AYFileModel.m in Sources */,
				FC67B6B51DB4A1FA0068518E /* AYAFSessionManager.m in Sources */,
			);
			runOnlyForDeploymentPostprocessing = 0;
		};
		FCA4BEAF1DAC8C2200A43420 /* Sources */ = {
			isa = PBXSourcesBuildPhase;
			buildActionMask = 2147483647;
			files = (
				FCA4BEB81DAC8C2200A43420 /* DownLoadDocumentTests.m in Sources */,
			);
			runOnlyForDeploymentPostprocessing = 0;
		};
		FCA4BEBA1DAC8C2200A43420 /* Sources */ = {
			isa = PBXSourcesBuildPhase;
			buildActionMask = 2147483647;
			files = (
				FCA4BEC31DAC8C2200A43420 /* DownLoadDocumentUITests.m in Sources */,
			);
			runOnlyForDeploymentPostprocessing = 0;
		};
/* End PBXSourcesBuildPhase section */

/* Begin PBXTargetDependency section */
		FCA4BEB51DAC8C2200A43420 /* PBXTargetDependency */ = {
			isa = PBXTargetDependency;
			target = FCA4BE991DAC8C2200A43420 /* DownLoadDocument */;
			targetProxy = FCA4BEB41DAC8C2200A43420 /* PBXContainerItemProxy */;
		};
		FCA4BEC01DAC8C2200A43420 /* PBXTargetDependency */ = {
			isa = PBXTargetDependency;
			target = FCA4BE991DAC8C2200A43420 /* DownLoadDocument */;
			targetProxy = FCA4BEBF1DAC8C2200A43420 /* PBXContainerItemProxy */;
		};
/* End PBXTargetDependency section */

/* Begin PBXVariantGroup section */
		FCA4BEA61DAC8C2200A43420 /* Main.storyboard */ = {
			isa = PBXVariantGroup;
			children = (
				FCA4BEA71DAC8C2200A43420 /* Base */,
			);
			name = Main.storyboard;
			sourceTree = "<group>";
		};
		FCA4BEAB1DAC8C2200A43420 /* LaunchScreen.storyboard */ = {
			isa = PBXVariantGroup;
			children = (
				FCA4BEAC1DAC8C2200A43420 /* Base */,
			);
			name = LaunchScreen.storyboard;
			sourceTree = "<group>";
		};
/* End PBXVariantGroup section */

/* Begin XCBuildConfiguration section */
		FCA4BEC51DAC8C2200A43420 /* Debug */ = {
			isa = XCBuildConfiguration;
			buildSettings = {
				ALWAYS_SEARCH_USER_PATHS = NO;
				CLANG_ANALYZER_NONNULL = YES;
				CLANG_CXX_LANGUAGE_STANDARD = "gnu++0x";
				CLANG_CXX_LIBRARY = "libc++";
				CLANG_ENABLE_MODULES = YES;
				CLANG_ENABLE_OBJC_ARC = YES;
				CLANG_WARN_BOOL_CONVERSION = YES;
				CLANG_WARN_CONSTANT_CONVERSION = YES;
				CLANG_WARN_DIRECT_OBJC_ISA_USAGE = YES_ERROR;
				CLANG_WARN_DOCUMENTATION_COMMENTS = YES;
				CLANG_WARN_EMPTY_BODY = YES;
				CLANG_WARN_ENUM_CONVERSION = YES;
				CLANG_WARN_INFINITE_RECURSION = YES;
				CLANG_WARN_INT_CONVERSION = YES;
				CLANG_WARN_OBJC_ROOT_CLASS = YES_ERROR;
				CLANG_WARN_SUSPICIOUS_MOVE = YES;
				CLANG_WARN_SUSPICIOUS_MOVES = YES;
				CLANG_WARN_UNREACHABLE_CODE = YES;
				CLANG_WARN__DUPLICATE_METHOD_MATCH = YES;
				"CODE_SIGN_IDENTITY[sdk=iphoneos*]" = "iPhone Developer";
				COPY_PHASE_STRIP = NO;
				DEBUG_INFORMATION_FORMAT = dwarf;
				ENABLE_STRICT_OBJC_MSGSEND = YES;
				ENABLE_TESTABILITY = YES;
				GCC_C_LANGUAGE_STANDARD = gnu99;
				GCC_DYNAMIC_NO_PIC = NO;
				GCC_NO_COMMON_BLOCKS = YES;
				GCC_OPTIMIZATION_LEVEL = 0;
				GCC_PREPROCESSOR_DEFINITIONS = (
					"DEBUG=1",
					"$(inherited)",
				);
				GCC_WARN_64_TO_32_BIT_CONVERSION = YES;
				GCC_WARN_ABOUT_RETURN_TYPE = YES_ERROR;
				GCC_WARN_UNDECLARED_SELECTOR = YES;
				GCC_WARN_UNINITIALIZED_AUTOS = YES_AGGRESSIVE;
				GCC_WARN_UNUSED_FUNCTION = YES;
				GCC_WARN_UNUSED_VARIABLE = YES;
				IPHONEOS_DEPLOYMENT_TARGET = 9.0;
				MTL_ENABLE_DEBUG_INFO = YES;
				ONLY_ACTIVE_ARCH = YES;
				SDKROOT = iphoneos;
				TARGETED_DEVICE_FAMILY = "1,2";
			};
			name = Debug;
		};
		FCA4BEC61DAC8C2200A43420 /* Release */ = {
			isa = XCBuildConfiguration;
			buildSettings = {
				ALWAYS_SEARCH_USER_PATHS = NO;
				CLANG_ANALYZER_NONNULL = YES;
				CLANG_CXX_LANGUAGE_STANDARD = "gnu++0x";
				CLANG_CXX_LIBRARY = "libc++";
				CLANG_ENABLE_MODULES = YES;
				CLANG_ENABLE_OBJC_ARC = YES;
				CLANG_WARN_BOOL_CONVERSION = YES;
				CLANG_WARN_CONSTANT_CONVERSION = YES;
				CLANG_WARN_DIRECT_OBJC_ISA_USAGE = YES_ERROR;
				CLANG_WARN_DOCUMENTATION_COMMENTS = YES;
				CLANG_WARN_EMPTY_BODY = YES;
				CLANG_WARN_ENUM_CONVERSION = YES;
				CLANG_WARN_INFINITE_RECURSION = YES;
				CLANG_WARN_INT_CONVERSION = YES;
				CLANG_WARN_OBJC_ROOT_CLASS = YES_ERROR;
				CLANG_WARN_SUSPICIOUS_MOVE = YES;
				CLANG_WARN_SUSPICIOUS_MOVES = YES;
				CLANG_WARN_UNREACHABLE_CODE = YES;
				CLANG_WARN__DUPLICATE_METHOD_MATCH = YES;
				"CODE_SIGN_IDENTITY[sdk=iphoneos*]" = "iPhone Developer";
				COPY_PHASE_STRIP = NO;
				DEBUG_INFORMATION_FORMAT = "dwarf-with-dsym";
				ENABLE_NS_ASSERTIONS = NO;
				ENABLE_STRICT_OBJC_MSGSEND = YES;
				GCC_C_LANGUAGE_STANDARD = gnu99;
				GCC_NO_COMMON_BLOCKS = YES;
				GCC_WARN_64_TO_32_BIT_CONVERSION = YES;
				GCC_WARN_ABOUT_RETURN_TYPE = YES_ERROR;
				GCC_WARN_UNDECLARED_SELECTOR = YES;
				GCC_WARN_UNINITIALIZED_AUTOS = YES_AGGRESSIVE;
				GCC_WARN_UNUSED_FUNCTION = YES;
				GCC_WARN_UNUSED_VARIABLE = YES;
				IPHONEOS_DEPLOYMENT_TARGET = 9.0;
				MTL_ENABLE_DEBUG_INFO = NO;
				SDKROOT = iphoneos;
				TARGETED_DEVICE_FAMILY = "1,2";
				VALIDATE_PRODUCT = YES;
			};
			name = Release;
		};
		FCA4BEC81DAC8C2200A43420 /* Debug */ = {
			isa = XCBuildConfiguration;
			baseConfigurationReference = 1D2670CF5188D3EF7AF497D1 /* Pods-DownLoadDocument.debug.xcconfig */;
			buildSettings = {
				ASSETCATALOG_COMPILER_APPICON_NAME = AppIcon;
				DEVELOPMENT_TEAM = 628LRYYF8F;
				GCC_PREFIX_HEADER = "$(SRCROOT)/DownLoadDocument/config.pch";
				INFOPLIST_FILE = DownLoadDocument/Info.plist;
				LD_RUNPATH_SEARCH_PATHS = "$(inherited) @executable_path/Frameworks";
				PRODUCT_BUNDLE_IDENTIFIER = com.konglee.DownLoadDocument;
				PRODUCT_NAME = "$(TARGET_NAME)";
			};
			name = Debug;
		};
		FCA4BEC91DAC8C2200A43420 /* Release */ = {
			isa = XCBuildConfiguration;
			baseConfigurationReference = EC8EC106F0C09CD4CC14F082 /* Pods-DownLoadDocument.release.xcconfig */;
			buildSettings = {
				ASSETCATALOG_COMPILER_APPICON_NAME = AppIcon;
				DEVELOPMENT_TEAM = 628LRYYF8F;
				GCC_PREFIX_HEADER = "$(SRCROOT)/DownLoadDocument/config.pch";
				INFOPLIST_FILE = DownLoadDocument/Info.plist;
				LD_RUNPATH_SEARCH_PATHS = "$(inherited) @executable_path/Frameworks";
				PRODUCT_BUNDLE_IDENTIFIER = com.konglee.DownLoadDocument;
				PRODUCT_NAME = "$(TARGET_NAME)";
			};
			name = Release;
		};
		FCA4BECB1DAC8C2200A43420 /* Debug */ = {
			isa = XCBuildConfiguration;
			buildSettings = {
				BUNDLE_LOADER = "$(TEST_HOST)";
				DEVELOPMENT_TEAM = 628LRYYF8F;
				INFOPLIST_FILE = DownLoadDocumentTests/Info.plist;
				LD_RUNPATH_SEARCH_PATHS = "$(inherited) @executable_path/Frameworks @loader_path/Frameworks";
				PRODUCT_BUNDLE_IDENTIFIER = com.konglee.DownLoadDocumentTests;
				PRODUCT_NAME = "$(TARGET_NAME)";
				TEST_HOST = "$(BUILT_PRODUCTS_DIR)/DownLoadDocument.app/DownLoadDocument";
			};
			name = Debug;
		};
		FCA4BECC1DAC8C2200A43420 /* Release */ = {
			isa = XCBuildConfiguration;
			buildSettings = {
				BUNDLE_LOADER = "$(TEST_HOST)";
				DEVELOPMENT_TEAM = 628LRYYF8F;
				INFOPLIST_FILE = DownLoadDocumentTests/Info.plist;
				LD_RUNPATH_SEARCH_PATHS = "$(inherited) @executable_path/Frameworks @loader_path/Frameworks";
				PRODUCT_BUNDLE_IDENTIFIER = com.konglee.DownLoadDocumentTests;
				PRODUCT_NAME = "$(TARGET_NAME)";
				TEST_HOST = "$(BUILT_PRODUCTS_DIR)/DownLoadDocument.app/DownLoadDocument";
			};
			name = Release;
		};
		FCA4BECE1DAC8C2200A43420 /* Debug */ = {
			isa = XCBuildConfiguration;
			buildSettings = {
				DEVELOPMENT_TEAM = 628LRYYF8F;
				INFOPLIST_FILE = DownLoadDocumentUITests/Info.plist;
				LD_RUNPATH_SEARCH_PATHS = "$(inherited) @executable_path/Frameworks @loader_path/Frameworks";
				PRODUCT_BUNDLE_IDENTIFIER = com.konglee.DownLoadDocumentUITests;
				PRODUCT_NAME = "$(TARGET_NAME)";
				TEST_TARGET_NAME = DownLoadDocument;
			};
			name = Debug;
		};
		FCA4BECF1DAC8C2200A43420 /* Release */ = {
			isa = XCBuildConfiguration;
			buildSettings = {
				DEVELOPMENT_TEAM = 628LRYYF8F;
				INFOPLIST_FILE = DownLoadDocumentUITests/Info.plist;
				LD_RUNPATH_SEARCH_PATHS = "$(inherited) @executable_path/Frameworks @loader_path/Frameworks";
				PRODUCT_BUNDLE_IDENTIFIER = com.konglee.DownLoadDocumentUITests;
				PRODUCT_NAME = "$(TARGET_NAME)";
				TEST_TARGET_NAME = DownLoadDocument;
			};
			name = Release;
		};
/* End XCBuildConfiguration section */

/* Begin XCConfigurationList section */
		FCA4BE951DAC8C2200A43420 /* Build configuration list for PBXProject "DownLoadDocument" */ = {
			isa = XCConfigurationList;
			buildConfigurations = (
				FCA4BEC51DAC8C2200A43420 /* Debug */,
				FCA4BEC61DAC8C2200A43420 /* Release */,
			);
			defaultConfigurationIsVisible = 0;
			defaultConfigurationName = Release;
		};
		FCA4BEC71DAC8C2200A43420 /* Build configuration list for PBXNativeTarget "DownLoadDocument" */ = {
			isa = XCConfigurationList;
			buildConfigurations = (
				FCA4BEC81DAC8C2200A43420 /* Debug */,
				FCA4BEC91DAC8C2200A43420 /* Release */,
			);
			defaultConfigurationIsVisible = 0;
			defaultConfigurationName = Release;
		};
		FCA4BECA1DAC8C2200A43420 /* Build configuration list for PBXNativeTarget "DownLoadDocumentTests" */ = {
			isa = XCConfigurationList;
			buildConfigurations = (
				FCA4BECB1DAC8C2200A43420 /* Debug */,
				FCA4BECC1DAC8C2200A43420 /* Release */,
			);
			defaultConfigurationIsVisible = 0;
			defaultConfigurationName = Release;
		};
		FCA4BECD1DAC8C2200A43420 /* Build configuration list for PBXNativeTarget "DownLoadDocumentUITests" */ = {
			isa = XCConfigurationList;
			buildConfigurations = (
				FCA4BECE1DAC8C2200A43420 /* Debug */,
				FCA4BECF1DAC8C2200A43420 /* Release */,
			);
			defaultConfigurationIsVisible = 0;
			defaultConfigurationName = Release;
		};
/* End XCConfigurationList section */
	};
	rootObject = FCA4BE921DAC8C2200A43420 /* Project object */;
}
